
Microsoft Visual Studio Solution File, Format Version 12.00
# Visual Studio Version 16
VisualStudioVersion = 16.0.31515.178
MinimumVisualStudioVersion = 10.0.40219.1
Project("{9A19103F-16F7-4668-BE54-9A1E7A4F7556}") = "TesteProgramacao", "TesteProgramacao\TesteProgramacao.csproj", "{58EFCC06-8654-4BCC-BA93-BA1120623FA1}"
EndProject
Project("{9A19103F-16F7-4668-BE54-9A1E7A4F7556}") = "DevIO.Domain", "..\Desktop\RA_System\src\DevIO.Domain\DevIO.Domain.csproj", "{7544B5AA-DFEF-497D-8B31-13F70CBF2690}"
EndProject
Global
	GlobalSection(SolutionConfigurationPlatforms) = preSolution
		Debug|Any CPU = Debug|Any CPU
		Release|Any CPU = Release|Any CPU
	EndGlobalSection
	GlobalSection(ProjectConfigurationPlatforms) = postSolution
		{58EFCC06-8654-4BCC-BA93-BA1120623FA1}.Debug|Any CPU.ActiveCfg = Debug|Any CPU
		{58EFCC06-8654-4BCC-BA93-BA1120623FA1}.Debug|Any CPU.Build.0 = Debug|Any CPU
		{58EFCC06-8654-4BCC-BA93-BA1120623FA1}.Release|Any CPU.ActiveCfg = Release|Any CPU
		{58EFCC06-8654-4BCC-BA93-BA1120623FA1}.Release|Any CPU.Build.0 = Release|Any CPU
		{7544B5AA-DFEF-497D-8B31-13F70CBF2690}.Debug|Any CPU.ActiveCfg = Debug|Any CPU
		{7544B5AA-DFEF-497D-8B31-13F70CBF2690}.Debug|Any CPU.Build.0 = Debug|Any CPU
		{7544B5AA-DFEF-497D-8B31-13F70CBF2690}.Release|Any CPU.ActiveCfg = Release|Any CPU
		{7544B5AA-DFEF-497D-8B31-13F70CBF2690}.Release|Any CPU.Build.0 = Release|Any CPU
	EndGlobalSection
	GlobalSection(SolutionProperties) = preSolution
		HideSolutionNode = FALSE
	EndGlobalSection
	GlobalSection(ExtensibilityGlobals) = postSolution
		SolutionGuid = {FF7358DE-D5A2-431E-8584-6FF156596E9A}
	EndGlobalSection
EndGlobal
